
Microsoft Visual Studio Solution File, Format Version 12.00
# Visual Studio 14
VisualStudioVersion = 14.0.23107.0
MinimumVisualStudioVersion = 10.0.40219.1
Project("{8BC9CEB8-8B4A-11D0-8D11-00A0C91BC942}") = "H5Tool", "H5Tool\H5Tool.vcxproj", "{C9306AFE-391F-4985-851B-92F5A7396283}"
	ProjectSection(ProjectDependencies) = postProject
		{BD166D99-F9E1-4B2C-BB02-FD26212F4108} = {BD166D99-F9E1-4B2C-BB02-FD26212F4108}
	EndProjectSection
EndProject
Project("{8BC9CEB8-8B4A-11D0-8D11-00A0C91BC942}") = "HTCommons", "HTCommons\HTCommons.vcxproj", "{BD166D99-F9E1-4B2C-BB02-FD26212F4108}"
EndProject
Project("{8BC9CEB8-8B4A-11D0-8D11-00A0C91BC942}") = "HTDLL", "HTDLL\HTDLL.vcxproj", "{D393FF6D-543B-4998-9DA9-ED92A1740623}"
EndProject
Project("{8BC9CEB8-8B4A-11D0-8D11-00A0C91BC942}") = "HTConfig", "HTConfig\HTConfig.vcxproj", "{95D5C4AF-5A3F-44D5-AD2A-EA6AE796CB53}"
EndProject
Project("{8BC9CEB8-8B4A-11D0-8D11-00A0C91BC942}") = "H5Tool_Installer", "H5Tool_Installer\H5Tool_Installer.vcxproj", "{EEEDD2DE-7943-43B0-A395-77AF78F7C85C}"
EndProject
Global
	GlobalSection(SolutionConfigurationPlatforms) = preSolution
		Debug|x64 = Debug|x64
		Debug|x86 = Debug|x86
		Release|x64 = Release|x64
		Release|x86 = Release|x86
	EndGlobalSection
	GlobalSection(ProjectConfigurationPlatforms) = postSolution
		{C9306AFE-391F-4985-851B-92F5A7396283}.Debug|x64.ActiveCfg = Debug|x64
		{C9306AFE-391F-4985-851B-92F5A7396283}.Debug|x64.Build.0 = Debug|x64
		{C9306AFE-391F-4985-851B-92F5A7396283}.Debug|x86.ActiveCfg = Debug|Win32
		{C9306AFE-391F-4985-851B-92F5A7396283}.Debug|x86.Build.0 = Debug|Win32
		{C9306AFE-391F-4985-851B-92F5A7396283}.Release|x64.ActiveCfg = Release|x64
		{C9306AFE-391F-4985-851B-92F5A7396283}.Release|x64.Build.0 = Release|x64
		{C9306AFE-391F-4985-851B-92F5A7396283}.Release|x86.ActiveCfg = Release|Win32
		{C9306AFE-391F-4985-851B-92F5A7396283}.Release|x86.Build.0 = Release|Win32
		{BD166D99-F9E1-4B2C-BB02-FD26212F4108}.Debug|x64.ActiveCfg = Debug|x64
		{BD166D99-F9E1-4B2C-BB02-FD26212F4108}.Debug|x64.Build.0 = Debug|x64
		{BD166D99-F9E1-4B2C-BB02-FD26212F4108}.Debug|x86.ActiveCfg = Debug|Win32
		{BD166D99-F9E1-4B2C-BB02-FD26212F4108}.Debug|x86.Build.0 = Debug|Win32
		{BD166D99-F9E1-4B2C-BB02-FD26212F4108}.Release|x64.ActiveCfg = Release|x64
		{BD166D99-F9E1-4B2C-BB02-FD26212F4108}.Release|x64.Build.0 = Release|x64
		{BD166D99-F9E1-4B2C-BB02-FD26212F4108}.Release|x86.ActiveCfg = Release|Win32
		{BD166D99-F9E1-4B2C-BB02-FD26212F4108}.Release|x86.Build.0 = Release|Win32
		{D393FF6D-543B-4998-9DA9-ED92A1740623}.Debug|x64.ActiveCfg = Debug|x64
		{D393FF6D-543B-4998-9DA9-ED92A1740623}.Debug|x64.Build.0 = Debug|x64
		{D393FF6D-543B-4998-9DA9-ED92A1740623}.Debug|x86.ActiveCfg = Debug|Win32
		{D393FF6D-543B-4998-9DA9-ED92A1740623}.Debug|x86.Build.0 = Debug|Win32
		{D393FF6D-543B-4998-9DA9-ED92A1740623}.Release|x64.ActiveCfg = Release|x64
		{D393FF6D-543B-4998-9DA9-ED92A1740623}.Release|x64.Build.0 = Release|x64
		{D393FF6D-543B-4998-9DA9-ED92A1740623}.Release|x86.ActiveCfg = Release|Win32
		{D393FF6D-543B-4998-9DA9-ED92A1740623}.Release|x86.Build.0 = Release|Win32
		{95D5C4AF-5A3F-44D5-AD2A-EA6AE796CB53}.Debug|x64.ActiveCfg = Debug|x64
		{95D5C4AF-5A3F-44D5-AD2A-EA6AE796CB53}.Debug|x64.Build.0 = Debug|x64
		{95D5C4AF-5A3F-44D5-AD2A-EA6AE796CB53}.Debug|x86.ActiveCfg = Debug|Win32
		{95D5C4AF-5A3F-44D5-AD2A-EA6AE796CB53}.Debug|x86.Build.0 = Debug|Win32
		{95D5C4AF-5A3F-44D5-AD2A-EA6AE796CB53}.Release|x64.ActiveCfg = Release|x64
		{95D5C4AF-5A3F-44D5-AD2A-EA6AE796CB53}.Release|x64.Build.0 = Release|x64
		{95D5C4AF-5A3F-44D5-AD2A-EA6AE796CB53}.Release|x86.ActiveCfg = Release|Win32
		{95D5C4AF-5A3F-44D5-AD2A-EA6AE796CB53}.Release|x86.Build.0 = Release|Win32
		{EEEDD2DE-7943-43B0-A395-77AF78F7C85C}.Debug|x64.ActiveCfg = Debug|x64
		{EEEDD2DE-7943-43B0-A395-77AF78F7C85C}.Debug|x64.Build.0 = Debug|x64
		{EEEDD2DE-7943-43B0-A395-77AF78F7C85C}.Debug|x86.ActiveCfg = Debug|Win32
		{EEEDD2DE-7943-43B0-A395-77AF78F7C85C}.Debug|x86.Build.0 = Debug|Win32
		{EEEDD2DE-7943-43B0-A395-77AF78F7C85C}.Release|x64.ActiveCfg = Release|x64
		{EEEDD2DE-7943-43B0-A395-77AF78F7C85C}.Release|x64.Build.0 = Release|x64
		{EEEDD2DE-7943-43B0-A395-77AF78F7C85C}.Release|x86.ActiveCfg = Release|Win32
		{EEEDD2DE-7943-43B0-A395-77AF78F7C85C}.Release|x86.Build.0 = Release|Win32
	EndGlobalSection
	GlobalSection(SolutionProperties) = preSolution
		HideSolutionNode = FALSE
	EndGlobalSection
EndGlobal
